
Microsoft Visual Studio Solution File, Format Version 12.00
# Visual Studio Version 16
VisualStudioVersion = 16.0.29123.88
MinimumVisualStudioVersion = 10.0.40219.1
Project("{FAE04EC0-301F-11D3-BF4B-00C04F79EFBC}") = "DropPodsInProgress", "DropPodsInProgress\DropPodsInProgress.csproj", "{58E4063C-B57F-428D-860A-E84AE0B25626}"
EndProject
Global
	GlobalSection(SolutionConfigurationPlatforms) = preSolution
		Debug|Any CPU = Debug|Any CPU
		Release|Any CPU = Release|Any CPU
	EndGlobalSection
	GlobalSection(ProjectConfigurationPlatforms) = postSolution
		{58E4063C-B57F-428D-860A-E84AE0B25626}.Debug|Any CPU.ActiveCfg = Debug|Any CPU
		{58E4063C-B57F-428D-860A-E84AE0B25626}.Debug|Any CPU.Build.0 = Debug|Any CPU
		{58E4063C-B57F-428D-860A-E84AE0B25626}.Release|Any CPU.ActiveCfg = Release|Any CPU
		{58E4063C-B57F-428D-860A-E84AE0B25626}.Release|Any CPU.Build.0 = Release|Any CPU
	EndGlobalSection
	GlobalSection(SolutionProperties) = preSolution
		HideSolutionNode = FALSE
	EndGlobalSection
	GlobalSection(ExtensibilityGlobals) = postSolution
		SolutionGuid = {2789ED1B-B3E9-47F6-8597-32E5C0ABA28C}
	EndGlobalSection
EndGlobal
